// !$*UTF8*$!
{
	archiveVersion = 1;
	classes = {
	};
	objectVersion = 46;
	objects = {

/* Begin PBXBuildFile section */
		E34C275C1A16074E0091B563 /* Images.xcassets in Resources */ = {isa = PBXBuildFile; fileRef = E34C275B1A16074E0091B563 /* Images.xcassets */; };
		E3CBCB5219D70396004692F7 /* FactBook.swift in Sources */ = {isa = PBXBuildFile; fileRef = E3CBCB5119D70396004692F7 /* FactBook.swift */; };
		E3CBCB5419D7132C004692F7 /* ColorWheel.swift in Sources */ = {isa = PBXBuildFile; fileRef = E3CBCB5319D7132C004692F7 /* ColorWheel.swift */; };
		E3EEF22B1A1152B7006A1318 /* AdSupport.framework in Frameworks */ = {isa = PBXBuildFile; fileRef = E3EEF2291A1152B7006A1318 /* AdSupport.framework */; };
		E3EEF22C1A1152B7006A1318 /* iAd.framework in Frameworks */ = {isa = PBXBuildFile; fileRef = E3EEF22A1A1152B7006A1318 /* iAd.framework */; };
		E3F4B9F319D61A3500119478 /* AppDelegate.swift in Sources */ = {isa = PBXBuildFile; fileRef = E3F4B9F219D61A3500119478 /* AppDelegate.swift */; };
		E3F4B9F519D61A3500119478 /* ViewController.swift in Sources */ = {isa = PBXBuildFile; fileRef = E3F4B9F419D61A3500119478 /* ViewController.swift */; };
		E3F4B9F819D61A3500119478 /* Main.storyboard in Resources */ = {isa = PBXBuildFile; fileRef = E3F4B9F619D61A3500119478 /* Main.storyboard */; };
		E3F4B9FD19D61A3500119478 /* LaunchScreen.xib in Resources */ = {isa = PBXBuildFile; fileRef = E3F4B9FB19D61A3500119478 /* LaunchScreen.xib */; };
		E3F4BA0919D61A3500119478 /* FunFactsTests.swift in Sources */ = {isa = PBXBuildFile; fileRef = E3F4BA0819D61A3500119478 /* FunFactsTests.swift */; };
/* End PBXBuildFile section */

/* Begin PBXContainerItemProxy section */
		E3F4BA0319D61A3500119478 /* PBXContainerItemProxy */ = {
			isa = PBXContainerItemProxy;
			containerPortal = E3F4B9E519D61A3500119478 /* Project object */;
			proxyType = 1;
			remoteGlobalIDString = E3F4B9EC19D61A3500119478;
			remoteInfo = FunFacts;
		};
/* End PBXContainerItemProxy section */

/* Begin PBXFileReference section */
		E34C275B1A16074E0091B563 /* Images.xcassets */ = {isa = PBXFileReference; lastKnownFileType = folder.assetcatalog; path = Images.xcassets; sourceTree = "<group>"; };
		E3CBCB5119D70396004692F7 /* FactBook.swift */ = {isa = PBXFileReference; fileEncoding = 4; lastKnownFileType = sourcecode.swift; path = FactBook.swift; sourceTree = "<group>"; };
		E3CBCB5319D7132C004692F7 /* ColorWheel.swift */ = {isa = PBXFileReference; fileEncoding = 4; lastKnownFileType = sourcecode.swift; path = ColorWheel.swift; sourceTree = "<group>"; };
		E3EEF2291A1152B7006A1318 /* AdSupport.framework */ = {isa = PBXFileReference; lastKnownFileType = wrapper.framework; name = AdSupport.framework; path = System/Library/Frameworks/AdSupport.framework; sourceTree = SDKROOT; };
		E3EEF22A1A1152B7006A1318 /* iAd.framework */ = {isa = PBXFileReference; lastKnownFileType = wrapper.framework; name = iAd.framework; path = System/Library/Frameworks/iAd.framework; sourceTree = SDKROOT; };
		E3F4B9ED19D61A3500119478 /* FunFacts.app */ = {isa = PBXFileReference; explicitFileType = wrapper.application; includeInIndex = 0; path = FunFacts.app; sourceTree = BUILT_PRODUCTS_DIR; };
		E3F4B9F119D61A3500119478 /* Info.plist */ = {isa = PBXFileReference; lastKnownFileType = text.plist.xml; path = Info.plist; sourceTree = "<group>"; };
		E3F4B9F219D61A3500119478 /* AppDelegate.swift */ = {isa = PBXFileReference; lastKnownFileType = sourcecode.swift; path = AppDelegate.swift; sourceTree = "<group>"; };
		E3F4B9F419D61A3500119478 /* ViewController.swift */ = {isa = PBXFileReference; lastKnownFileType = sourcecode.swift; path = ViewController.swift; sourceTree = "<group>"; };
		E3F4B9F719D61A3500119478 /* Base */ = {isa = PBXFileReference; lastKnownFileType = file.storyboard; name = Base; path = Base.lproj/Main.storyboard; sourceTree = "<group>"; };
		E3F4B9FC19D61A3500119478 /* Base */ = {isa = PBXFileReference; lastKnownFileType = file.xib; name = Base; path = Base.lproj/LaunchScreen.xib; sourceTree = "<group>"; };
		E3F4BA0219D61A3500119478 /* FunFactsTests.xctest */ = {isa = PBXFileReference; explicitFileType = wrapper.cfbundle; includeInIndex = 0; path = FunFactsTests.xctest; sourceTree = BUILT_PRODUCTS_DIR; };
		E3F4BA0719D61A3500119478 /* Info.plist */ = {isa = PBXFileReference; lastKnownFileType = text.plist.xml; path = Info.plist; sourceTree = "<group>"; };
		E3F4BA0819D61A3500119478 /* FunFactsTests.swift */ = {isa = PBXFileReference; lastKnownFileType = sourcecode.swift; path = FunFactsTests.swift; sourceTree = "<group>"; };
		E3F4BA1219D61C0500119478 /* Scratchpad.playground */ = {isa = PBXFileReference; lastKnownFileType = file.playground; name = Scratchpad.playground; path = FunFacts/Scratchpad.playground; sourceTree = "<group>"; };
/* End PBXFileReference section */

/* Begin PBXFrameworksBuildPhase section */
		E3F4B9EA19D61A3500119478 /* Frameworks */ = {
			isa = PBXFrameworksBuildPhase;
			buildActionMask = 2147483647;
			files = (
				E3EEF22B1A1152B7006A1318 /* AdSupport.framework in Frameworks */,
				E3EEF22C1A1152B7006A1318 /* iAd.framework in Frameworks */,
			);
			runOnlyForDeploymentPostprocessing = 0;
		};
		E3F4B9FF19D61A3500119478 /* Frameworks */ = {
			isa = PBXFrameworksBuildPhase;
			buildActionMask = 2147483647;
			files = (
			);
			runOnlyForDeploymentPostprocessing = 0;
		};
/* End PBXFrameworksBuildPhase section */

/* Begin PBXGroup section */
		E3F4B9E419D61A3500119478 = {
			isa = PBXGroup;
			children = (
				E3F4B9EF19D61A3500119478 /* FunFacts */,
				E3F4BA1319D61C1200119478 /* Playgrounds */,
				E3F4BA0519D61A3500119478 /* FunFactsTests */,
				E3F4B9EE19D61A3500119478 /* Products */,
			);
			sourceTree = "<group>";
		};
		E3F4B9EE19D61A3500119478 /* Products */ = {
			isa = PBXGroup;
			children = (
				E3F4B9ED19D61A3500119478 /* FunFacts.app */,
				E3F4BA0219D61A3500119478 /* FunFactsTests.xctest */,
			);
			name = Products;
			sourceTree = "<group>";
		};
		E3F4B9EF19D61A3500119478 /* FunFacts */ = {
			isa = PBXGroup;
			children = (
				E3F4B9F219D61A3500119478 /* AppDelegate.swift */,
				E3CBCB5119D70396004692F7 /* FactBook.swift */,
				E3F4B9F419D61A3500119478 /* ViewController.swift */,
				E3F4B9F619D61A3500119478 /* Main.storyboard */,
				E34C275B1A16074E0091B563 /* Images.xcassets */,
				E3CBCB5319D7132C004692F7 /* ColorWheel.swift */,
				E3F4B9FB19D61A3500119478 /* LaunchScreen.xib */,
				E3F4B9F019D61A3500119478 /* Supporting Files */,
			);
			path = FunFacts;
			sourceTree = "<group>";
		};
		E3F4B9F019D61A3500119478 /* Supporting Files */ = {
			isa = PBXGroup;
			children = (
				E3EEF2291A1152B7006A1318 /* AdSupport.framework */,
				E3EEF22A1A1152B7006A1318 /* iAd.framework */,
				E3F4B9F119D61A3500119478 /* Info.plist */,
			);
			name = "Supporting Files";
			sourceTree = "<group>";
		};
		E3F4BA0519D61A3500119478 /* FunFactsTests */ = {
			isa = PBXGroup;
			children = (
				E3F4BA0819D61A3500119478 /* FunFactsTests.swift */,
				E3F4BA0619D61A3500119478 /* Supporting Files */,
			);
			path = FunFactsTests;
			sourceTree = "<group>";
		};
		E3F4BA0619D61A3500119478 /* Supporting Files */ = {
			isa = PBXGroup;
			children = (
				E3F4BA0719D61A3500119478 /* Info.plist */,
			);
			name = "Supporting Files";
			sourceTree = "<group>";
		};
		E3F4BA1319D61C1200119478 /* Playgrounds */ = {
			isa = PBXGroup;
			children = (
				E3F4BA1219D61C0500119478 /* Scratchpad.playground */,
			);
			name = Playgrounds;
			sourceTree = "<group>";
		};
/* End PBXGroup section */

/* Begin PBXNativeTarget section */
		E3F4B9EC19D61A3500119478 /* FunFacts */ = {
			isa = PBXNativeTarget;
			buildConfigurationList = E3F4BA0C19D61A3500119478 /* Build configuration list for PBXNativeTarget "FunFacts" */;
			buildPhases = (
				E3F4B9E919D61A3500119478 /* Sources */,
				E3F4B9EA19D61A3500119478 /* Frameworks */,
				E3F4B9EB19D61A3500119478 /* Resources */,
			);
			buildRules = (
			);
			dependencies = (
			);
			name = FunFacts;
			productName = FunFacts;
			productReference = E3F4B9ED19D61A3500119478 /* FunFacts.app */;
			productType = "com.apple.product-type.application";
		};
		E3F4BA0119D61A3500119478 /* FunFactsTests */ = {
			isa = PBXNativeTarget;
			buildConfigurationList = E3F4BA0F19D61A3500119478 /* Build configuration list for PBXNativeTarget "FunFactsTests" */;
			buildPhases = (
				E3F4B9FE19D61A3500119478 /* Sources */,
				E3F4B9FF19D61A3500119478 /* Frameworks */,
				E3F4BA0019D61A3500119478 /* Resources */,
			);
			buildRules = (
			);
			dependencies = (
				E3F4BA0419D61A3500119478 /* PBXTargetDependency */,
			);
			name = FunFactsTests;
			productName = FunFactsTests;
			productReference = E3F4BA0219D61A3500119478 /* FunFactsTests.xctest */;
			productType = "com.apple.product-type.bundle.unit-test";
		};
/* End PBXNativeTarget section */

/* Begin PBXProject section */
		E3F4B9E519D61A3500119478 /* Project object */ = {
			isa = PBXProject;
			attributes = {
				LastUpgradeCheck = 0600;
				ORGANIZATIONNAME = "Martin Lok";
				TargetAttributes = {
					E3F4B9EC19D61A3500119478 = {
						CreatedOnToolsVersion = 6.0.1;
						DevelopmentTeam = 2J6YE5GZ93;
					};
					E3F4BA0119D61A3500119478 = {
						CreatedOnToolsVersion = 6.0.1;
						TestTargetID = E3F4B9EC19D61A3500119478;
					};
				};
			};
			buildConfigurationList = E3F4B9E819D61A3500119478 /* Build configuration list for PBXProject "FunFacts" */;
			compatibilityVersion = "Xcode 3.2";
			developmentRegion = English;
			hasScannedForEncodings = 0;
			knownRegions = (
				en,
				Base,
			);
			mainGroup = E3F4B9E419D61A3500119478;
			productRefGroup = E3F4B9EE19D61A3500119478 /* Products */;
			projectDirPath = "";
			projectRoot = "";
			targets = (
				E3F4B9EC19D61A3500119478 /* FunFacts */,
				E3F4BA0119D61A3500119478 /* FunFactsTests */,
			);
		};
/* End PBXProject section */

/* Begin PBXResourcesBuildPhase section */
		E3F4B9EB19D61A3500119478 /* Resources */ = {
			isa = PBXResourcesBuildPhase;
			buildActionMask = 2147483647;
			files = (
				E3F4B9F819D61A3500119478 /* Main.storyboard in Resources */,
				E34C275C1A16074E0091B563 /* Images.xcassets in Resources */,
				E3F4B9FD19D61A3500119478 /* LaunchScreen.xib in Resources */,
			);
			runOnlyForDeploymentPostprocessing = 0;
		};
		E3F4BA0019D61A3500119478 /* Resources */ = {
			isa = PBXResourcesBuildPhase;
			buildActionMask = 2147483647;
			files = (
			);
			runOnlyForDeploymentPostprocessing = 0;
		};
/* End PBXResourcesBuildPhase section */

/* Begin PBXSourcesBuildPhase section */
		E3F4B9E919D61A3500119478 /* Sources */ = {
			isa = PBXSourcesBuildPhase;
			buildActionMask = 2147483647;
			files = (
				E3CBCB5219D70396004692F7 /* FactBook.swift in Sources */,
				E3F4B9F519D61A3500119478 /* ViewController.swift in Sources */,
				E3F4B9F319D61A3500119478 /* AppDelegate.swift in Sources */,
				E3CBCB5419D7132C004692F7 /* ColorWheel.swift in Sources */,
			);
			runOnlyForDeploymentPostprocessing = 0;
		};
		E3F4B9FE19D61A3500119478 /* Sources */ = {
			isa = PBXSourcesBuildPhase;
			buildActionMask = 2147483647;
			files = (
				E3F4BA0919D61A3500119478 /* FunFactsTests.swift in Sources */,
			);
			runOnlyForDeploymentPostprocessing = 0;
		};
/* End PBXSourcesBuildPhase section */

/* Begin PBXTargetDependency section */
		E3F4BA0419D61A3500119478 /* PBXTargetDependency */ = {
			isa = PBXTargetDependency;
			target = E3F4B9EC19D61A3500119478 /* FunFacts */;
			targetProxy = E3F4BA0319D61A3500119478 /* PBXContainerItemProxy */;
		};
/* End PBXTargetDependency section */

/* Begin PBXVariantGroup section */
		E3F4B9F619D61A3500119478 /* Main.storyboard */ = {
			isa = PBXVariantGroup;
			children = (
				E3F4B9F719D61A3500119478 /* Base */,
			);
			name = Main.storyboard;
			sourceTree = "<group>";
		};
		E3F4B9FB19D61A3500119478 /* LaunchScreen.xib */ = {
			isa = PBXVariantGroup;
			children = (
				E3F4B9FC19D61A3500119478 /* Base */,
			);
			name = LaunchScreen.xib;
			sourceTree = "<group>";
		};
/* End PBXVariantGroup section */

/* Begin XCBuildConfiguration section */
		E3F4BA0A19D61A3500119478 /* Debug */ = {
			isa = XCBuildConfiguration;
			buildSettings = {
				ALWAYS_SEARCH_USER_PATHS = NO;
				CLANG_CXX_LANGUAGE_STANDARD = "gnu++0x";
				CLANG_CXX_LIBRARY = "libc++";
				CLANG_ENABLE_MODULES = YES;
				CLANG_ENABLE_OBJC_ARC = YES;
				CLANG_WARN_BOOL_CONVERSION = YES;
				CLANG_WARN_CONSTANT_CONVERSION = YES;
				CLANG_WARN_DIRECT_OBJC_ISA_USAGE = YES_ERROR;
				CLANG_WARN_EMPTY_BODY = YES;
				CLANG_WARN_ENUM_CONVERSION = YES;
				CLANG_WARN_INT_CONVERSION = YES;
				CLANG_WARN_OBJC_ROOT_CLASS = YES_ERROR;
				CLANG_WARN_UNREACHABLE_CODE = YES;
				CLANG_WARN__DUPLICATE_METHOD_MATCH = YES;
				"CODE_SIGN_IDENTITY[sdk=iphoneos*]" = "iPhone Developer";
				COPY_PHASE_STRIP = NO;
				ENABLE_STRICT_OBJC_MSGSEND = YES;
				GCC_C_LANGUAGE_STANDARD = gnu99;
				GCC_DYNAMIC_NO_PIC = NO;
				GCC_OPTIMIZATION_LEVEL = 0;
				GCC_PREPROCESSOR_DEFINITIONS = (
					"DEBUG=1",
					"$(inherited)",
				);
				GCC_SYMBOLS_PRIVATE_EXTERN = NO;
				GCC_WARN_64_TO_32_BIT_CONVERSION = YES;
				GCC_WARN_ABOUT_RETURN_TYPE = YES_ERROR;
				GCC_WARN_UNDECLARED_SELECTOR = YES;
				GCC_WARN_UNINITIALIZED_AUTOS = YES_AGGRESSIVE;
				GCC_WARN_UNUSED_FUNCTION = YES;
				GCC_WARN_UNUSED_VARIABLE = YES;
				IPHONEOS_DEPLOYMENT_TARGET = 7.0;
				MTL_ENABLE_DEBUG_INFO = YES;
				ONLY_ACTIVE_ARCH = YES;
				SDKROOT = iphoneos;
				SWIFT_OPTIMIZATION_LEVEL = "-Onone";
			};
			name = Debug;
		};
		E3F4BA0B19D61A3500119478 /* Release */ = {
			isa = XCBuildConfiguration;
			buildSettings = {
				ALWAYS_SEARCH_USER_PATHS = NO;
				CLANG_CXX_LANGUAGE_STANDARD = "gnu++0x";
				CLANG_CXX_LIBRARY = "libc++";
				CLANG_ENABLE_MODULES = YES;
				CLANG_ENABLE_OBJC_ARC = YES;
				CLANG_WARN_BOOL_CONVERSION = YES;
				CLANG_WARN_CONSTANT_CONVERSION = YES;
				CLANG_WARN_DIRECT_OBJC_ISA_USAGE = YES_ERROR;
				CLANG_WARN_EMPTY_BODY = YES;
				CLANG_WARN_ENUM_CONVERSION = YES;
				CLANG_WARN_INT_CONVERSION = YES;
				CLANG_WARN_OBJC_ROOT_CLASS = YES_ERROR;
				CLANG_WARN_UNREACHABLE_CODE = YES;
				CLANG_WARN__DUPLICATE_METHOD_MATCH = YES;
				"CODE_SIGN_IDENTITY[sdk=iphoneos*]" = "iPhone Developer";
				COPY_PHASE_STRIP = YES;
				ENABLE_NS_ASSERTIONS = NO;
				ENABLE_STRICT_OBJC_MSGSEND = YES;
				GCC_C_LANGUAGE_STANDARD = gnu99;
				GCC_WARN_64_TO_32_BIT_CONVERSION = YES;
				GCC_WARN_ABOUT_RETURN_TYPE = YES_ERROR;
				GCC_WARN_UNDECLARED_SELECTOR = YES;
				GCC_WARN_UNINITIALIZED_AUTOS = YES_AGGRESSIVE;
				GCC_WARN_UNUSED_FUNCTION = YES;
				GCC_WARN_UNUSED_VARIABLE = YES;
				IPHONEOS_DEPLOYMENT_TARGET = 7.0;
				MTL_ENABLE_DEBUG_INFO = NO;
				SDKROOT = iphoneos;
				VALIDATE_PRODUCT = YES;
			};
			name = Release;
		};
		E3F4BA0D19D61A3500119478 /* Debug */ = {
			isa = XCBuildConfiguration;
			buildSettings = {
				ASSETCATALOG_COMPILER_APPICON_NAME = AppIcon;
				CODE_SIGN_IDENTITY = "iPhone Developer";
				INFOPLIST_FILE = FunFacts/Info.plist;
				IPHONEOS_DEPLOYMENT_TARGET = 8.0;
				LD_RUNPATH_SEARCH_PATHS = "$(inherited) @executable_path/Frameworks";
				PRODUCT_NAME = "$(TARGET_NAME)";
				TARGETED_DEVICE_FAMILY = 1;
			};
			name = Debug;
		};
		E3F4BA0E19D61A3500119478 /* Release */ = {
			isa = XCBuildConfiguration;
			buildSettings = {
				ASSETCATALOG_COMPILER_APPICON_NAME = AppIcon;
				CODE_SIGN_IDENTITY = "iPhone Developer";
				INFOPLIST_FILE = FunFacts/Info.plist;
				IPHONEOS_DEPLOYMENT_TARGET = 8.0;
				LD_RUNPATH_SEARCH_PATHS = "$(inherited) @executable_path/Frameworks";
				PRODUCT_NAME = "$(TARGET_NAME)";
				TARGETED_DEVICE_FAMILY = 1;
			};
			name = Release;
		};
		E3F4BA1019D61A3500119478 /* Debug */ = {
			isa = XCBuildConfiguration;
			buildSettings = {
				BUNDLE_LOADER = "$(TEST_HOST)";
				FRAMEWORK_SEARCH_PATHS = (
					"$(SDKROOT)/Developer/Library/Frameworks",
					"$(inherited)",
				);
				GCC_PREPROCESSOR_DEFINITIONS = (
					"DEBUG=1",
					"$(inherited)",
				);
				INFOPLIST_FILE = FunFactsTests/Info.plist;
				LD_RUNPATH_SEARCH_PATHS = "$(inherited) @executable_path/Frameworks @loader_path/Frameworks";
				PRODUCT_NAME = "$(TARGET_NAME)";
				TEST_HOST = "$(BUILT_PRODUCTS_DIR)/FunFacts.app/FunFacts";
			};
			name = Debug;
		};
		E3F4BA1119D61A3500119478 /* Release */ = {
			isa = XCBuildConfiguration;
			buildSettings = {
				BUNDLE_LOADER = "$(TEST_HOST)";
				FRAMEWORK_SEARCH_PATHS = (
					"$(SDKROOT)/Developer/Library/Frameworks",
					"$(inherited)",
				);
				INFOPLIST_FILE = FunFactsTests/Info.plist;
				LD_RUNPATH_SEARCH_PATHS = "$(inherited) @executable_path/Frameworks @loader_path/Frameworks";
				PRODUCT_NAME = "$(TARGET_NAME)";
				TEST_HOST = "$(BUILT_PRODUCTS_DIR)/FunFacts.app/FunFacts";
			};
			name = Release;
		};
/* End XCBuildConfiguration section */

/* Begin XCConfigurationList section */
		E3F4B9E819D61A3500119478 /* Build configuration list for PBXProject "FunFacts" */ = {
			isa = XCConfigurationList;
			buildConfigurations = (
				E3F4BA0A19D61A3500119478 /* Debug */,
				E3F4BA0B19D61A3500119478 /* Release */,
			);
			defaultConfigurationIsVisible = 0;
			defaultConfigurationName = Release;
		};
		E3F4BA0C19D61A3500119478 /* Build configuration list for PBXNativeTarget "FunFacts" */ = {
			isa = XCConfigurationList;
			buildConfigurations = (
				E3F4BA0D19D61A3500119478 /* Debug */,
				E3F4BA0E19D61A3500119478 /* Release */,
			);
			defaultConfigurationIsVisible = 0;
			defaultConfigurationName = Release;
		};
		E3F4BA0F19D61A3500119478 /* Build configuration list for PBXNativeTarget "FunFactsTests" */ = {
			isa = XCConfigurationList;
			buildConfigurations = (
				E3F4BA1019D61A3500119478 /* Debug */,
				E3F4BA1119D61A3500119478 /* Release */,
			);
			defaultConfigurationIsVisible = 0;
			defaultConfigurationName = Release;
		};
/* End XCConfigurationList section */
	};
	rootObject = E3F4B9E519D61A3500119478 /* Project object */;
}
